
Microsoft Visual Studio Solution File, Format Version 12.00
# Visual Studio Version 18
VisualStudioVersion = 18.3.11218.70
MinimumVisualStudioVersion = 10.0.40219.1
Project("{2150E333-8FDC-42A3-9474-1A3956D46DE8}") = "Services", "Services", "{02EA681E-C7D8-13C7-8484-4AC65E1B71E8}"
EndProject
Project("{2150E333-8FDC-42A3-9474-1A3956D46DE8}") = "Catalog", "Catalog", "{65620157-D840-4C33-95E9-6F8282C46C0C}"
EndProject
Project("{FAE04EC0-301F-11D3-BF4B-00C04F79EFBC}") = "Catalog.API", "Services\Catalog\Catalog.API\Catalog.API.csproj", "{2562E169-F058-440A-8C28-C253E32C559F}"
EndProject
Project("{2150E333-8FDC-42A3-9474-1A3956D46DE8}") = "BuildingBlocks", "BuildingBlocks", "{BCAA7226-F165-48BB-BE3A-BB4C3401C1B1}"
EndProject
Project("{FAE04EC0-301F-11D3-BF4B-00C04F79EFBC}") = "BuildingBlocks", "BuildingBlocks\BuildingBlocks\BuildingBlocks.csproj", "{4DE8F75F-2D20-4665-94AF-7BA0C8D8E4C4}"
EndProject
Project("{E53339B2-1760-4266-BCC7-CA923CBCF16C}") = "docker-compose", "docker-compose.dcproj", "{81DDED9D-158B-E303-5F62-77A2896D2A5A}"
EndProject
Project("{2150E333-8FDC-42A3-9474-1A3956D46DE8}") = "Basket", "Basket", "{34FF2347-789F-4C52-B340-DE5496DC40BE}"
EndProject
Project("{FAE04EC0-301F-11D3-BF4B-00C04F79EFBC}") = "Basket.API", "Services\Basket\Basket.API\Basket.API.csproj", "{261CD312-C89E-4280-BBB9-477142CC447F}"
EndProject
Project("{2150E333-8FDC-42A3-9474-1A3956D46DE8}") = "Discount", "Discount", "{8D8D6155-C41B-416D-B769-E2747E2E3705}"
EndProject
Project("{FAE04EC0-301F-11D3-BF4B-00C04F79EFBC}") = "Discount.Grpc", "Services\Discount\Discount.Grpc\Discount.Grpc.csproj", "{0D754113-6B66-457D-8C12-D6E32FEEF258}"
EndProject
Project("{2150E333-8FDC-42A3-9474-1A3956D46DE8}") = "Ordering", "Ordering", "{8D77A654-6893-4119-9523-8B03F4F1B12E}"
EndProject
Project("{FAE04EC0-301F-11D3-BF4B-00C04F79EFBC}") = "Ordering.API", "Services\Ordering\Ordering.API\Ordering.API.csproj", "{7536AAA4-6721-4CEA-97ED-D312BB371271}"
EndProject
Project("{FAE04EC0-301F-11D3-BF4B-00C04F79EFBC}") = "Ordering.Domain", "Services\Ordering\Ordering.Domain\Ordering.Domain.csproj", "{AC739B46-488C-45BF-8501-ECA37A43B237}"
EndProject
Project("{FAE04EC0-301F-11D3-BF4B-00C04F79EFBC}") = "Ordering.Application", "Services\Ordering\Ordering.Application\Ordering.Application.csproj", "{105E76E6-8CBF-471A-A853-D6A87043C402}"
EndProject
Project("{FAE04EC0-301F-11D3-BF4B-00C04F79EFBC}") = "Ordering.Infrastructure", "Services\Ordering\Ordering.Infrastructure\Ordering.Infrastructure.csproj", "{0C93919B-FEA7-4612-B20D-D511B9E6B875}"
EndProject
Global
	GlobalSection(SolutionConfigurationPlatforms) = preSolution
		Debug|Any CPU = Debug|Any CPU
		Release|Any CPU = Release|Any CPU
	EndGlobalSection
	GlobalSection(ProjectConfigurationPlatforms) = postSolution
		{2562E169-F058-440A-8C28-C253E32C559F}.Debug|Any CPU.ActiveCfg = Debug|Any CPU
		{2562E169-F058-440A-8C28-C253E32C559F}.Debug|Any CPU.Build.0 = Debug|Any CPU
		{2562E169-F058-440A-8C28-C253E32C559F}.Release|Any CPU.ActiveCfg = Release|Any CPU
		{2562E169-F058-440A-8C28-C253E32C559F}.Release|Any CPU.Build.0 = Release|Any CPU
		{4DE8F75F-2D20-4665-94AF-7BA0C8D8E4C4}.Debug|Any CPU.ActiveCfg = Debug|Any CPU
		{4DE8F75F-2D20-4665-94AF-7BA0C8D8E4C4}.Debug|Any CPU.Build.0 = Debug|Any CPU
		{4DE8F75F-2D20-4665-94AF-7BA0C8D8E4C4}.Release|Any CPU.ActiveCfg = Release|Any CPU
		{4DE8F75F-2D20-4665-94AF-7BA0C8D8E4C4}.Release|Any CPU.Build.0 = Release|Any CPU
		{81DDED9D-158B-E303-5F62-77A2896D2A5A}.Debug|Any CPU.ActiveCfg = Debug|Any CPU
		{81DDED9D-158B-E303-5F62-77A2896D2A5A}.Debug|Any CPU.Build.0 = Debug|Any CPU
		{81DDED9D-158B-E303-5F62-77A2896D2A5A}.Release|Any CPU.ActiveCfg = Release|Any CPU
		{81DDED9D-158B-E303-5F62-77A2896D2A5A}.Release|Any CPU.Build.0 = Release|Any CPU
		{261CD312-C89E-4280-BBB9-477142CC447F}.Debug|Any CPU.ActiveCfg = Debug|Any CPU
		{261CD312-C89E-4280-BBB9-477142CC447F}.Debug|Any CPU.Build.0 = Debug|Any CPU
		{261CD312-C89E-4280-BBB9-477142CC447F}.Release|Any CPU.ActiveCfg = Release|Any CPU
		{261CD312-C89E-4280-BBB9-477142CC447F}.Release|Any CPU.Build.0 = Release|Any CPU
		{0D754113-6B66-457D-8C12-D6E32FEEF258}.Debug|Any CPU.ActiveCfg = Debug|Any CPU
		{0D754113-6B66-457D-8C12-D6E32FEEF258}.Debug|Any CPU.Build.0 = Debug|Any CPU
		{0D754113-6B66-457D-8C12-D6E32FEEF258}.Release|Any CPU.ActiveCfg = Release|Any CPU
		{0D754113-6B66-457D-8C12-D6E32FEEF258}.Release|Any CPU.Build.0 = Release|Any CPU
		{7536AAA4-6721-4CEA-97ED-D312BB371271}.Debug|Any CPU.ActiveCfg = Debug|Any CPU
		{7536AAA4-6721-4CEA-97ED-D312BB371271}.Debug|Any CPU.Build.0 = Debug|Any CPU
		{7536AAA4-6721-4CEA-97ED-D312BB371271}.Release|Any CPU.ActiveCfg = Release|Any CPU
		{7536AAA4-6721-4CEA-97ED-D312BB371271}.Release|Any CPU.Build.0 = Release|Any CPU
		{AC739B46-488C-45BF-8501-ECA37A43B237}.Debug|Any CPU.ActiveCfg = Debug|Any CPU
		{AC739B46-488C-45BF-8501-ECA37A43B237}.Debug|Any CPU.Build.0 = Debug|Any CPU
		{AC739B46-488C-45BF-8501-ECA37A43B237}.Release|Any CPU.ActiveCfg = Release|Any CPU
		{AC739B46-488C-45BF-8501-ECA37A43B237}.Release|Any CPU.Build.0 = Release|Any CPU
		{105E76E6-8CBF-471A-A853-D6A87043C402}.Debug|Any CPU.ActiveCfg = Debug|Any CPU
		{105E76E6-8CBF-471A-A853-D6A87043C402}.Debug|Any CPU.Build.0 = Debug|Any CPU
		{105E76E6-8CBF-471A-A853-D6A87043C402}.Release|Any CPU.ActiveCfg = Release|Any CPU
		{105E76E6-8CBF-471A-A853-D6A87043C402}.Release|Any CPU.Build.0 = Release|Any CPU
		{0C93919B-FEA7-4612-B20D-D511B9E6B875}.Debug|Any CPU.ActiveCfg = Debug|Any CPU
		{0C93919B-FEA7-4612-B20D-D511B9E6B875}.Debug|Any CPU.Build.0 = Debug|Any CPU
		{0C93919B-FEA7-4612-B20D-D511B9E6B875}.Release|Any CPU.ActiveCfg = Release|Any CPU
		{0C93919B-FEA7-4612-B20D-D511B9E6B875}.Release|Any CPU.Build.0 = Release|Any CPU
	EndGlobalSection
	GlobalSection(SolutionProperties) = preSolution
		HideSolutionNode = FALSE
	EndGlobalSection
	GlobalSection(NestedProjects) = preSolution
		{65620157-D840-4C33-95E9-6F8282C46C0C} = {02EA681E-C7D8-13C7-8484-4AC65E1B71E8}
		{2562E169-F058-440A-8C28-C253E32C559F} = {65620157-D840-4C33-95E9-6F8282C46C0C}
		{4DE8F75F-2D20-4665-94AF-7BA0C8D8E4C4} = {BCAA7226-F165-48BB-BE3A-BB4C3401C1B1}
		{34FF2347-789F-4C52-B340-DE5496DC40BE} = {02EA681E-C7D8-13C7-8484-4AC65E1B71E8}
		{261CD312-C89E-4280-BBB9-477142CC447F} = {34FF2347-789F-4C52-B340-DE5496DC40BE}
		{8D8D6155-C41B-416D-B769-E2747E2E3705} = {02EA681E-C7D8-13C7-8484-4AC65E1B71E8}
		{0D754113-6B66-457D-8C12-D6E32FEEF258} = {8D8D6155-C41B-416D-B769-E2747E2E3705}
		{8D77A654-6893-4119-9523-8B03F4F1B12E} = {02EA681E-C7D8-13C7-8484-4AC65E1B71E8}
		{7536AAA4-6721-4CEA-97ED-D312BB371271} = {8D77A654-6893-4119-9523-8B03F4F1B12E}
		{AC739B46-488C-45BF-8501-ECA37A43B237} = {8D77A654-6893-4119-9523-8B03F4F1B12E}
		{105E76E6-8CBF-471A-A853-D6A87043C402} = {8D77A654-6893-4119-9523-8B03F4F1B12E}
		{0C93919B-FEA7-4612-B20D-D511B9E6B875} = {8D77A654-6893-4119-9523-8B03F4F1B12E}
	EndGlobalSection
	GlobalSection(ExtensibilityGlobals) = postSolution
		SolutionGuid = {17E6E2B0-6268-4113-922D-A9B4B5087A4D}
	EndGlobalSection
EndGlobal
